
Microsoft Visual Studio Solution File, Format Version 12.00
# Visual Studio 15
VisualStudioVersion = 15.0.28307.489
MinimumVisualStudioVersion = 10.0.40219.1
Project("{FAE04EC0-301F-11D3-BF4B-00C04F79EFBC}") = "Gerenciador", "MerceariaSantana\Gerenciador.csproj", "{2071115D-3E9D-4433-B7B6-A9CA0AAA3868}"
EndProject
Project("{FAE04EC0-301F-11D3-BF4B-00C04F79EFBC}") = "Nucleo", "Data\Nucleo.csproj", "{F982F4E0-7FFE-4D02-88D6-21016265344F}"
EndProject
Global
	GlobalSection(SolutionConfigurationPlatforms) = preSolution
		Debug|Any CPU = Debug|Any CPU
		Release|Any CPU = Release|Any CPU
	EndGlobalSection
	GlobalSection(ProjectConfigurationPlatforms) = postSolution
		{2071115D-3E9D-4433-B7B6-A9CA0AAA3868}.Debug|Any CPU.ActiveCfg = Debug|Any CPU
		{2071115D-3E9D-4433-B7B6-A9CA0AAA3868}.Debug|Any CPU.Build.0 = Debug|Any CPU
		{2071115D-3E9D-4433-B7B6-A9CA0AAA3868}.Release|Any CPU.ActiveCfg = Release|Any CPU
		{2071115D-3E9D-4433-B7B6-A9CA0AAA3868}.Release|Any CPU.Build.0 = Release|Any CPU
		{F982F4E0-7FFE-4D02-88D6-21016265344F}.Debug|Any CPU.ActiveCfg = Debug|Any CPU
		{F982F4E0-7FFE-4D02-88D6-21016265344F}.Debug|Any CPU.Build.0 = Debug|Any CPU
		{F982F4E0-7FFE-4D02-88D6-21016265344F}.Release|Any CPU.ActiveCfg = Release|Any CPU
		{F982F4E0-7FFE-4D02-88D6-21016265344F}.Release|Any CPU.Build.0 = Release|Any CPU
	EndGlobalSection
	GlobalSection(SolutionProperties) = preSolution
		HideSolutionNode = FALSE
	EndGlobalSection
	GlobalSection(ExtensibilityGlobals) = postSolution
		SolutionGuid = {19270BF5-2E61-40F9-B0B7-9C2D34683B1C}
	EndGlobalSection
EndGlobal
